
Microsoft Visual Studio Solution File, Format Version 12.00
# Visual Studio 15
VisualStudioVersion = 15.0.28307.1831
MinimumVisualStudioVersion = 10.0.40219.1
Project("{FAE04EC0-301F-11D3-BF4B-00C04F79EFBC}") = "New Connect Four", "Connect Four\New Connect Four.csproj", "{251E5BF4-5ADF-46E2-93A4-604B22ADF262}"
EndProject
Global
	GlobalSection(SolutionConfigurationPlatforms) = preSolution
		Debug|Any CPU = Debug|Any CPU
		Release|Any CPU = Release|Any CPU
	EndGlobalSection
	GlobalSection(ProjectConfigurationPlatforms) = postSolution
		{251E5BF4-5ADF-46E2-93A4-604B22ADF262}.Debug|Any CPU.ActiveCfg = Debug|Any CPU
		{251E5BF4-5ADF-46E2-93A4-604B22ADF262}.Debug|Any CPU.Build.0 = Debug|Any CPU
		{251E5BF4-5ADF-46E2-93A4-604B22ADF262}.Release|Any CPU.ActiveCfg = Release|Any CPU
		{251E5BF4-5ADF-46E2-93A4-604B22ADF262}.Release|Any CPU.Build.0 = Release|Any CPU
	EndGlobalSection
	GlobalSection(SolutionProperties) = preSolution
		HideSolutionNode = FALSE
	EndGlobalSection
	GlobalSection(ExtensibilityGlobals) = postSolution
		SolutionGuid = {349EA33D-9725-429E-89C2-5128FC78C9AB}
	EndGlobalSection
EndGlobal
